{
  "name": "@divyenduz/ts-graphql-plugin",
  "version": "0.0.1",
  "lockfileVersion": 1,
  "requires": true,
  "dependencies": {
    "@types/graphql": {
      "version": "0.11.7",
      "resolved": "https://registry.npmjs.org/@types/graphql/-/graphql-0.11.7.tgz",
      "integrity": "sha512-+6UMNcBeLR/G/yMIFXVA6XJhfDlPO7x6cb7ooiyN12Q6GE1l3KbupZoWBMV2Uw3F2q+i+IiaHx9rIKwLADw+7A=="
    },
    "@types/lodash": {
      "version": "4.14.109",
      "resolved": "https://registry.npmjs.org/@types/lodash/-/lodash-4.14.109.tgz",
      "integrity": "sha512-hop8SdPUEzbcJm6aTsmuwjIYQo1tqLseKCM+s2bBqTU2gErwI4fE+aqUVOlscPSQbKHKgtMMPoC+h4AIGOJYvw=="
    },
    "@types/node": {
      "version": "10.3.1",
      "resolved": "https://registry.npmjs.org/@types/node/-/node-10.3.1.tgz",
      "integrity": "sha512-IsX9aDHDzJohkm3VCDB8tkzl5RQ34E/PFA29TQk6uDGb7Oc869ZBtmdKVDBzY3+h9GnXB8ssrRXEPVZrlIOPOw==",
      "dev": true
    },
    "argparse": {
      "version": "1.0.10",
      "resolved": "https://registry.npmjs.org/argparse/-/argparse-1.0.10.tgz",
      "integrity": "sha512-o5Roy6tNG4SL/FOkCAN6RzjiakZS25RLYFrcMttJqbdd8BWrnA+fGz57iN5Pb06pvBGvl5gQ0B48dJlslXvoTg==",
      "requires": {
        "sprintf-js": "~1.0.2"
      }
    },
    "babylon": {
      "version": "6.18.0",
      "resolved": "https://registry.npmjs.org/babylon/-/babylon-6.18.0.tgz",
      "integrity": "sha512-q/UEjfGJ2Cm3oKV71DJz9d25TPnq5rhBVL2Q4fA5wcC3jcrdn7+SssEybFIxwAvvP+YCsCYNKughoF33GxgycQ=="
    },
    "balanced-match": {
      "version": "1.0.0",
      "resolved": "https://registry.npmjs.org/balanced-match/-/balanced-match-1.0.0.tgz",
      "integrity": "sha1-ibTRmasr7kneFk6gK4nORi1xt2c="
    },
    "brace-expansion": {
      "version": "1.1.11",
      "resolved": "https://registry.npmjs.org/brace-expansion/-/brace-expansion-1.1.11.tgz",
      "integrity": "sha512-iCuPHDFgrHX7H2vEI/5xpz07zSHB00TpugqhmYtVmMO6518mCuRMoOYFldEBl0g187ufozdaHgWKcYFb61qGiA==",
      "requires": {
        "balanced-match": "^1.0.0",
        "concat-map": "0.0.1"
      }
    },
    "bser": {
      "version": "2.0.0",
      "resolved": "https://registry.npmjs.org/bser/-/bser-2.0.0.tgz",
      "integrity": "sha1-mseNPtXZFYBP2HrLFYvHlxR6Fxk=",
      "requires": {
        "node-int64": "^0.4.0"
      }
    },
    "concat-map": {
      "version": "0.0.1",
      "resolved": "https://registry.npmjs.org/concat-map/-/concat-map-0.0.1.tgz",
      "integrity": "sha1-2Klr13/Wjfd5OnMDajug1UBdR3s="
    },
    "cross-fetch": {
      "version": "2.0.0",
      "resolved": "https://registry.npmjs.org/cross-fetch/-/cross-fetch-2.0.0.tgz",
      "integrity": "sha512-gnx0GnDyW73iDq6DpqceL8i4GGn55PPKDzNwZkopJ3mKPcfJ0BUIXBsnYfJBVw+jFDB+hzIp2ELNRdqoxN6M3w==",
      "requires": {
        "node-fetch": "2.0.0",
        "whatwg-fetch": "2.0.3"
      }
    },
    "esprima": {
      "version": "4.0.0",
      "resolved": "https://registry.npmjs.org/esprima/-/esprima-4.0.0.tgz",
      "integrity": "sha512-oftTcaMu/EGrEIu904mWteKIv8vMuOgGYo7EhVJJN00R/EED9DCua/xxHRdYnKtcECzVg7xOWhflvJMnqcFZjw=="
    },
    "fb-watchman": {
      "version": "2.0.0",
      "resolved": "https://registry.npmjs.org/fb-watchman/-/fb-watchman-2.0.0.tgz",
      "integrity": "sha1-VOmr99+i8mzZsWNsWIwa/AXeXVg=",
      "requires": {
        "bser": "^2.0.0"
      }
    },
    "fs.realpath": {
      "version": "1.0.0",
      "resolved": "https://registry.npmjs.org/fs.realpath/-/fs.realpath-1.0.0.tgz",
      "integrity": "sha1-FQStJSMVjKpA20onh8sBQRmU6k8="
    },
    "glob": {
      "version": "7.1.2",
      "resolved": "https://registry.npmjs.org/glob/-/glob-7.1.2.tgz",
      "integrity": "sha512-MJTUg1kjuLeQCJ+ccE4Vpa6kKVXkPYJ2mOCQyUuKLcLQsdrMCpBPUi8qVE6+YuaJkozeA9NusTAw3hLr8Xe5EQ==",
      "requires": {
        "fs.realpath": "^1.0.0",
        "inflight": "^1.0.4",
        "inherits": "2",
        "minimatch": "^3.0.4",
        "once": "^1.3.0",
        "path-is-absolute": "^1.0.0"
      }
    },
    "graphql": {
      "version": "0.12.3",
      "resolved": "https://registry.npmjs.org/graphql/-/graphql-0.12.3.tgz",
      "integrity": "sha512-Hn9rdu4zacplKXNrLCvR8YFiTGnbM4Zw/UH8FDmzBDsH7ou40lSNH4tIlsxcYnz2TGNVJCpu1WxCM23yd6kzhA==",
      "requires": {
        "iterall": "1.1.3"
      }
    },
    "graphql-config": {
      "version": "2.0.1",
      "resolved": "https://registry.npmjs.org/graphql-config/-/graphql-config-2.0.1.tgz",
      "integrity": "sha512-eb4FzlODifHE/Q+91QptAmkGw39wL5ToinJ2556UUsGt2drPc4tzifL+HSnHSaxiIbH8EUhc/Fa6+neinF04qA==",
      "requires": {
        "graphql-import": "^0.4.4",
        "graphql-request": "^1.5.0",
        "js-yaml": "^3.10.0",
        "lodash": "^4.17.4",
        "minimatch": "^3.0.4"
      }
    },
    "graphql-import": {
      "version": "0.4.5",
      "resolved": "https://registry.npmjs.org/graphql-import/-/graphql-import-0.4.5.tgz",
      "integrity": "sha512-G/+I08Qp6/QGTb9qapknCm3yPHV0ZL7wbaalWFpxsfR8ZhZoTBe//LsbsCKlbALQpcMegchpJhpTSKiJjhaVqQ==",
      "requires": {
        "lodash": "^4.17.4"
      }
    },
    "graphql-language-service-interface": {
      "version": "1.2.0",
      "resolved": "https://registry.npmjs.org/graphql-language-service-interface/-/graphql-language-service-interface-1.2.0.tgz",
      "integrity": "sha1-bezgYWoSUSDyAaIATZHPD4HGT1M=",
      "requires": {
        "graphql-config": "2.0.1",
        "graphql-language-service-parser": "^1.1.0",
        "graphql-language-service-types": "^1.2.1",
        "graphql-language-service-utils": "^1.2.1"
      }
    },
    "graphql-language-service-parser": {
      "version": "1.1.0",
      "resolved": "https://registry.npmjs.org/graphql-language-service-parser/-/graphql-language-service-parser-1.1.0.tgz",
      "integrity": "sha512-0hDFOZUhjqi1lp3RJoQ9TQqg05S1RTE2SSm3U3C23FYnfhyWJAu5AEzXE5rQyVSdPAi/oG0IGz8CT3erssA6Yg==",
      "requires": {
        "graphql-config": "1.1.4",
        "graphql-language-service-types": "^1.1.0"
      },
      "dependencies": {
        "graphql-config": {
          "version": "1.1.4",
          "resolved": "https://registry.npmjs.org/graphql-config/-/graphql-config-1.1.4.tgz",
          "integrity": "sha512-OwDrKrYc1h7HHhEVInQrKInl7/ZgfT4ftjjBJDahBiiHi/mEstnn0mVlSb7B06SF+PZt/FgkE3q+RX+rqavvWQ==",
          "requires": {
            "graphql": "^0.12.3",
            "graphql-import": "^0.1.7",
            "graphql-request": "^1.4.0",
            "js-yaml": "^3.10.0",
            "minimatch": "^3.0.4",
            "rimraf": "^2.6.2"
          }
        },
        "graphql-import": {
          "version": "0.1.9",
          "resolved": "https://registry.npmjs.org/graphql-import/-/graphql-import-0.1.9.tgz",
          "integrity": "sha512-syHe1DlzOQScChjU21J/dSAcOh7T2ikr/5QGw1TQCzLR96WQ+95Suitt7TjcT3NA1/uBq/hc70MgxvJrFWdWAg==",
          "requires": {
            "@types/graphql": "0.11.7",
            "@types/lodash": "^4.14.85",
            "graphql": "^0.12.3",
            "lodash": "^4.17.4"
          }
        }
      }
    },
    "graphql-language-service-server": {
      "version": "1.2.0",
      "resolved": "https://registry.npmjs.org/graphql-language-service-server/-/graphql-language-service-server-1.2.0.tgz",
      "integrity": "sha1-78p6Ipz/ScnaGcpFvggRecyP3yM=",
      "requires": {
        "babylon": "^6.17.4",
        "fb-watchman": "^2.0.0",
        "glob": "^7.1.2",
        "graphql-config": "2.0.1",
        "graphql-language-service-interface": "^1.2.0",
        "graphql-language-service-types": "^1.2.1",
        "graphql-language-service-utils": "^1.2.1",
        "nullthrows": "^1.0.0",
        "vscode-jsonrpc": "^3.3.0",
        "vscode-languageserver": "^3.3.0"
      }
    },
    "graphql-language-service-types": {
      "version": "1.2.1",
      "resolved": "https://registry.npmjs.org/graphql-language-service-types/-/graphql-language-service-types-1.2.1.tgz",
      "integrity": "sha1-S2PBtzRqGQuTstzGHXlr2GWmjnI=",
      "requires": {
        "graphql-config": "2.0.1"
      }
    },
    "graphql-language-service-utils": {
      "version": "1.2.1",
      "resolved": "https://registry.npmjs.org/graphql-language-service-utils/-/graphql-language-service-utils-1.2.1.tgz",
      "integrity": "sha1-Vz0o13r0+Yv1GkdfniZgrUf+F8o=",
      "requires": {
        "graphql-config": "2.0.1",
        "graphql-language-service-types": "^1.2.1"
      }
    },
    "graphql-request": {
      "version": "1.6.0",
      "resolved": "https://registry.npmjs.org/graphql-request/-/graphql-request-1.6.0.tgz",
      "integrity": "sha512-qqAPLZuaGlwZDsMQ2FfgEyZMcXFMsPPDl6bQQlmwP/xCnk1TqxkE1S644LsHTXAHYPvmRWsIimfdcnys5+o+fQ==",
      "requires": {
        "cross-fetch": "2.0.0"
      }
    },
    "inflight": {
      "version": "1.0.6",
      "resolved": "https://registry.npmjs.org/inflight/-/inflight-1.0.6.tgz",
      "integrity": "sha1-Sb1jMdfQLQwJvJEKEHW6gWW1bfk=",
      "requires": {
        "once": "^1.3.0",
        "wrappy": "1"
      }
    },
    "inherits": {
      "version": "2.0.3",
      "resolved": "https://registry.npmjs.org/inherits/-/inherits-2.0.3.tgz",
      "integrity": "sha1-Yzwsg+PaQqUC9SRmAiSA9CCCYd4="
    },
    "iterall": {
      "version": "1.1.3",
      "resolved": "https://registry.npmjs.org/iterall/-/iterall-1.1.3.tgz",
      "integrity": "sha512-Cu/kb+4HiNSejAPhSaN1VukdNTTi/r4/e+yykqjlG/IW+1gZH5b4+Bq3whDX4tvbYugta3r8KTMUiqT3fIGxuQ=="
    },
    "js-yaml": {
      "version": "3.12.0",
      "resolved": "https://registry.npmjs.org/js-yaml/-/js-yaml-3.12.0.tgz",
      "integrity": "sha512-PIt2cnwmPfL4hKNwqeiuz4bKfnzHTBv6HyVgjahA6mPLwPDzjDWrplJBMjHUFxku/N3FlmrbyPclad+I+4mJ3A==",
      "requires": {
        "argparse": "^1.0.7",
        "esprima": "^4.0.0"
      }
    },
    "lodash": {
      "version": "4.17.10",
      "resolved": "https://registry.npmjs.org/lodash/-/lodash-4.17.10.tgz",
      "integrity": "sha512-UejweD1pDoXu+AD825lWwp4ZGtSwgnpZxb3JDViD7StjQz+Nb/6l093lx4OQ0foGWNRoc19mWy7BzL+UAK2iVg=="
    },
    "minimatch": {
      "version": "3.0.4",
      "resolved": "https://registry.npmjs.org/minimatch/-/minimatch-3.0.4.tgz",
      "integrity": "sha512-yJHVQEhyqPLUTgt9B83PXu6W3rx4MvvHvSUvToogpwoGDOUQ+yDrR0HRot+yOCdCO7u4hX3pWft6kWBBcqh0UA==",
      "requires": {
        "brace-expansion": "^1.1.7"
      }
    },
    "node-fetch": {
      "version": "2.0.0",
      "resolved": "https://registry.npmjs.org/node-fetch/-/node-fetch-2.0.0.tgz",
      "integrity": "sha1-mCu6Q+zU8pIqKcwYamu7C7c/y6Y="
    },
    "node-int64": {
      "version": "0.4.0",
      "resolved": "https://registry.npmjs.org/node-int64/-/node-int64-0.4.0.tgz",
      "integrity": "sha1-h6kGXNs1XTGC2PlM4RGIuCXGijs="
    },
    "nullthrows": {
      "version": "1.0.1",
      "resolved": "https://registry.npmjs.org/nullthrows/-/nullthrows-1.0.1.tgz",
      "integrity": "sha512-tiqwUYFZyv7BfQbcg5d0GVp4sbrv+/rgqnYcd1XBlT2bM2Hy7Uh2/WvTayTzXkbBQr6mTk3X5t1sAx95uPpQMg=="
    },
    "once": {
      "version": "1.4.0",
      "resolved": "https://registry.npmjs.org/once/-/once-1.4.0.tgz",
      "integrity": "sha1-WDsap3WWHUsROsF9nFC6753Xa9E=",
      "requires": {
        "wrappy": "1"
      }
    },
    "path-is-absolute": {
      "version": "1.0.1",
      "resolved": "https://registry.npmjs.org/path-is-absolute/-/path-is-absolute-1.0.1.tgz",
      "integrity": "sha1-F0uSaHNVNP+8es5r9TpanhtcX18="
    },
    "prettier": {
      "version": "1.13.4",
      "resolved": "https://registry.npmjs.org/prettier/-/prettier-1.13.4.tgz",
      "integrity": "sha512-emsEZ2bAigL1lq6ssgkpPm1MIBqgeTvcp90NxOP5XDqprub/V/WS2Hfgih3mS7/1dqTUvhG+sxx1Dv8crnVexA==",
      "dev": true
    },
    "rimraf": {
      "version": "2.6.2",
      "resolved": "https://registry.npmjs.org/rimraf/-/rimraf-2.6.2.tgz",
      "integrity": "sha512-lreewLK/BlghmxtfH36YYVg1i8IAce4TI7oao75I1g245+6BctqTVQiBP3YUJ9C6DQOXJmkYR9X9fCLtCOJc5w==",
      "requires": {
        "glob": "^7.0.5"
      }
    },
    "sprintf-js": {
      "version": "1.0.3",
      "resolved": "https://registry.npmjs.org/sprintf-js/-/sprintf-js-1.0.3.tgz",
      "integrity": "sha1-BOaSb2YolTVPPdAVIDYzuFcpfiw="
    },
    "typescript": {
      "version": "2.9.1",
      "resolved": "https://registry.npmjs.org/typescript/-/typescript-2.9.1.tgz",
      "integrity": "sha512-h6pM2f/GDchCFlldnriOhs1QHuwbnmj6/v7499eMHqPeW4V2G0elua2eIc2nu8v2NdHV0Gm+tzX83Hr6nUFjQA=="
    },
    "typescript-template-language-service-decorator": {
      "version": "1.2.0",
      "resolved": "https://registry.npmjs.org/typescript-template-language-service-decorator/-/typescript-template-language-service-decorator-1.2.0.tgz",
      "integrity": "sha512-rF0jrvpYn6Ec2jnxBHF1st/HEl84LV7od8872o82zHgKEU1vFhT4x6fvuLi5UD0gl2gKv3zSefG18DoeUHE7ig=="
    },
    "vscode-jsonrpc": {
      "version": "3.6.2",
      "resolved": "https://registry.npmjs.org/vscode-jsonrpc/-/vscode-jsonrpc-3.6.2.tgz",
      "integrity": "sha512-T24Jb5V48e4VgYliUXMnZ379ItbrXgOimweKaJshD84z+8q7ZOZjJan0MeDe+Ugb+uqERDVV8SBmemaGMSMugA=="
    },
    "vscode-languageserver": {
      "version": "3.5.1",
      "resolved": "https://registry.npmjs.org/vscode-languageserver/-/vscode-languageserver-3.5.1.tgz",
      "integrity": "sha512-RYUKn0DgHTFcS8kS4VaNCjNMaQXYqiXdN9bKrFjXzu5RPKfjIYcoh47oVWwZj4L3R/DPB0Se7HPaDatvYY2XgQ==",
      "requires": {
        "vscode-languageserver-protocol": "3.5.1",
        "vscode-uri": "^1.0.1"
      }
    },
    "vscode-languageserver-protocol": {
      "version": "3.5.1",
      "resolved": "https://registry.npmjs.org/vscode-languageserver-protocol/-/vscode-languageserver-protocol-3.5.1.tgz",
      "integrity": "sha512-1fPDIwsAv1difCV+8daOrJEGunClNJWqnUHq/ncWrjhitKWXgGmRCjlwZ3gDUTt54yRcvXz1PXJDaRNvNH6pYA==",
      "requires": {
        "vscode-jsonrpc": "3.5.0",
        "vscode-languageserver-types": "3.5.0"
      },
      "dependencies": {
        "vscode-jsonrpc": {
          "version": "3.5.0",
          "resolved": "https://registry.npmjs.org/vscode-jsonrpc/-/vscode-jsonrpc-3.5.0.tgz",
          "integrity": "sha1-hyOdnhZrLXNSJFuKgTWXgEwdY6o="
        }
      }
    },
    "vscode-languageserver-types": {
      "version": "3.5.0",
      "resolved": "https://registry.npmjs.org/vscode-languageserver-types/-/vscode-languageserver-types-3.5.0.tgz",
      "integrity": "sha1-5I15li8LjgLelV4/UkkI4rGcA3Q="
    },
    "vscode-uri": {
      "version": "1.0.5",
      "resolved": "https://registry.npmjs.org/vscode-uri/-/vscode-uri-1.0.5.tgz",
      "integrity": "sha1-O4majvccN/MFTXm9vdoxx7828g0="
    },
    "whatwg-fetch": {
      "version": "2.0.3",
      "resolved": "https://registry.npmjs.org/whatwg-fetch/-/whatwg-fetch-2.0.3.tgz",
      "integrity": "sha1-nITsLc9oGH/wC8ZOEnS0QhduHIQ="
    },
    "wrappy": {
      "version": "1.0.2",
      "resolved": "https://registry.npmjs.org/wrappy/-/wrappy-1.0.2.tgz",
      "integrity": "sha1-tSQ9jz7BqjXxNkYFvA0QNuMKtp8="
    }
  }
}
