{
  "name": "graphql-language-service-interface",
  "version": "2.1.1-alpha.1",
  "lockfileVersion": 1,
  "requires": true,
  "dependencies": {
    "argparse": {
      "version": "1.0.10",
      "resolved": "https://registry.npmjs.org/argparse/-/argparse-1.0.10.tgz",
      "integrity": "sha512-o5Roy6tNG4SL/FOkCAN6RzjiakZS25RLYFrcMttJqbdd8BWrnA+fGz57iN5Pb06pvBGvl5gQ0B48dJlslXvoTg==",
      "requires": {
        "sprintf-js": "~1.0.2"
      }
    },
    "balanced-match": {
      "version": "1.0.0",
      "resolved": "https://registry.npmjs.org/balanced-match/-/balanced-match-1.0.0.tgz",
      "integrity": "sha1-ibTRmasr7kneFk6gK4nORi1xt2c="
    },
    "brace-expansion": {
      "version": "1.1.11",
      "resolved": "https://registry.npmjs.org/brace-expansion/-/brace-expansion-1.1.11.tgz",
      "integrity": "sha512-iCuPHDFgrHX7H2vEI/5xpz07zSHB00TpugqhmYtVmMO6518mCuRMoOYFldEBl0g187ufozdaHgWKcYFb61qGiA==",
      "requires": {
        "balanced-match": "^1.0.0",
        "concat-map": "0.0.1"
      }
    },
    "concat-map": {
      "version": "0.0.1",
      "resolved": "https://registry.npmjs.org/concat-map/-/concat-map-0.0.1.tgz",
      "integrity": "sha1-2Klr13/Wjfd5OnMDajug1UBdR3s="
    },
    "cross-fetch": {
      "version": "2.2.2",
      "resolved": "https://registry.npmjs.org/cross-fetch/-/cross-fetch-2.2.2.tgz",
      "integrity": "sha1-pH/09/xxLauo9qaVoRyUhEDUVyM=",
      "requires": {
        "node-fetch": "2.1.2",
        "whatwg-fetch": "2.0.4"
      }
    },
    "esprima": {
      "version": "4.0.1",
      "resolved": "https://registry.npmjs.org/esprima/-/esprima-4.0.1.tgz",
      "integrity": "sha512-eGuFFw7Upda+g4p+QHvnW0RyTX/SVeJBDM/gCtMARO0cLuT2HcEKnTPvhjV6aGeqrCB/sbNop0Kszm0jsaWU4A=="
    },
    "graphql-config": {
      "version": "2.2.1",
      "resolved": "https://registry.npmjs.org/graphql-config/-/graphql-config-2.2.1.tgz",
      "integrity": "sha512-U8+1IAhw9m6WkZRRcyj8ZarK96R6lQBQ0an4lp76Ps9FyhOXENC5YQOxOFGm5CxPrX2rD0g3Je4zG5xdNJjwzQ==",
      "requires": {
        "graphql-import": "^0.7.1",
        "graphql-request": "^1.5.0",
        "js-yaml": "^3.10.0",
        "lodash": "^4.17.4",
        "minimatch": "^3.0.4"
      }
    },
    "graphql-import": {
      "version": "0.7.1",
      "resolved": "https://registry.npmjs.org/graphql-import/-/graphql-import-0.7.1.tgz",
      "integrity": "sha512-YpwpaPjRUVlw2SN3OPljpWbVRWAhMAyfSba5U47qGMOSsPLi2gYeJtngGpymjm9nk57RFWEpjqwh4+dpYuFAPw==",
      "requires": {
        "lodash": "^4.17.4",
        "resolve-from": "^4.0.0"
      }
    },
    "graphql-language-service-parser": {
      "version": "http://nexus.voskhod.local/nexus-2.7.0/content/repositories/npm-internal/graphql-language-service-parser/-/graphql-language-service-parser-1.3.1-alpha.1.1.tgz",
      "integrity": "sha512-mpSsn0sZcGUnb69gGPzjgNK1XS32+SKwryA4sS8y9HRpHGNoGFv1sBHHUTXEzVELPWMc4pXCdvVRXAR2il6oGQ==",
      "requires": {
        "graphql-config": "2.2.1",
        "graphql-language-service-types": "http://nexus.voskhod.local/nexus-2.7.0/content/repositories/npm-internal/graphql-language-service-types/-/graphql-language-service-types-1.3.1-alpha.1.tgz"
      }
    },
    "graphql-language-service-types": {
      "version": "http://nexus.voskhod.local/nexus-2.7.0/content/repositories/npm-internal/graphql-language-service-types/-/graphql-language-service-types-1.3.1-alpha.1.tgz",
      "integrity": "sha512-cpSs3mR4wMTNaqnpcpRqCNE1YYlNnpA0fqloMuxKaDs0gCP9WkjTMYLJQ2PAsGHCFv9QfZJF6tzcKFr46wHwCg==",
      "requires": {
        "graphql-config": "2.2.1"
      }
    },
    "graphql-language-service-utils": {
      "version": "http://nexus.voskhod.local/nexus-2.7.0/content/repositories/npm-internal/graphql-language-service-utils/-/graphql-language-service-utils-2.1.1-alpha.1.tgz",
      "integrity": "sha512-CXdXcAEZBJVpBdggFdTO4cpbVzkvcte18kDRRiODcCDjM/spGZajd2EyL/CjjFdQqG/Grngrax+7njIDVDiEDw==",
      "requires": {
        "graphql-config": "2.2.1",
        "graphql-language-service-types": "http://nexus.voskhod.local/nexus-2.7.0/content/repositories/npm-internal/graphql-language-service-types/-/graphql-language-service-types-1.3.1-alpha.1.tgz"
      }
    },
    "graphql-request": {
      "version": "1.8.2",
      "resolved": "https://registry.npmjs.org/graphql-request/-/graphql-request-1.8.2.tgz",
      "integrity": "sha512-dDX2M+VMsxXFCmUX0Vo0TopIZIX4ggzOtiCsThgtrKR4niiaagsGTDIHj3fsOMFETpa064vzovI+4YV4QnMbcg==",
      "requires": {
        "cross-fetch": "2.2.2"
      }
    },
    "js-yaml": {
      "version": "3.13.1",
      "resolved": "https://registry.npmjs.org/js-yaml/-/js-yaml-3.13.1.tgz",
      "integrity": "sha512-YfbcO7jXDdyj0DGxYVSlSeQNHbD7XPWvrVWeVUujrQEoZzWJIRrCPoyk6kL6IAjAG2IolMK4T0hNUe0HOUs5Jw==",
      "requires": {
        "argparse": "^1.0.7",
        "esprima": "^4.0.0"
      }
    },
    "lodash": {
      "version": "4.17.15",
      "resolved": "https://registry.npmjs.org/lodash/-/lodash-4.17.15.tgz",
      "integrity": "sha512-8xOcRHvCjnocdS5cpwXQXVzmmh5e5+saE2QGoeQmbKmRS6J3VQppPOIt0MnmE+4xlZoumy0GPG0D0MVIQbNA1A=="
    },
    "minimatch": {
      "version": "3.0.4",
      "resolved": "https://registry.npmjs.org/minimatch/-/minimatch-3.0.4.tgz",
      "integrity": "sha512-yJHVQEhyqPLUTgt9B83PXu6W3rx4MvvHvSUvToogpwoGDOUQ+yDrR0HRot+yOCdCO7u4hX3pWft6kWBBcqh0UA==",
      "requires": {
        "brace-expansion": "^1.1.7"
      }
    },
    "node-fetch": {
      "version": "2.1.2",
      "resolved": "https://registry.npmjs.org/node-fetch/-/node-fetch-2.1.2.tgz",
      "integrity": "sha1-q4hOjn5X44qUR1POxwb3iNF2i7U="
    },
    "resolve-from": {
      "version": "4.0.0",
      "resolved": "https://registry.npmjs.org/resolve-from/-/resolve-from-4.0.0.tgz",
      "integrity": "sha512-pb/MYmXstAkysRFx8piNI1tGFNQIFA3vkE3Gq4EuA1dF6gHp/+vgZqsCGJapvy8N3Q+4o7FwvquPJcnZ7RYy4g=="
    },
    "sprintf-js": {
      "version": "1.0.3",
      "resolved": "https://registry.npmjs.org/sprintf-js/-/sprintf-js-1.0.3.tgz",
      "integrity": "sha1-BOaSb2YolTVPPdAVIDYzuFcpfiw="
    },
    "whatwg-fetch": {
      "version": "2.0.4",
      "resolved": "https://registry.npmjs.org/whatwg-fetch/-/whatwg-fetch-2.0.4.tgz",
      "integrity": "sha512-dcQ1GWpOD/eEQ97k66aiEVpNnapVj90/+R+SXTPYGHpYBBypfKJEQjLrvMZ7YXbKm21gXd4NcuxUTjiv1YtLng=="
    }
  }
}
