# THIS IS AN AUTOGENERATED FILE. DO NOT EDIT THIS FILE DIRECTLY.
# yarn lockfile v1


argparse@^1.0.7:
  version "1.0.9"
  resolved "https://registry.yarnpkg.com/argparse/-/argparse-1.0.9.tgz#73d83bc263f86e97f8cc4f6bae1b0e90a7d22c86"
  dependencies:
    sprintf-js "~1.0.2"

babylon@^6.17.4:
  version "6.17.4"
  resolved "https://registry.yarnpkg.com/babylon/-/babylon-6.17.4.tgz#3e8b7402b88d22c3423e137a1577883b15ff869a"

balanced-match@^1.0.0:
  version "1.0.0"
  resolved "https://registry.yarnpkg.com/balanced-match/-/balanced-match-1.0.0.tgz#89b4d199ab2bee49de164ea02b89ce462d71b767"

brace-expansion@^1.1.7:
  version "1.1.8"
  resolved "https://registry.yarnpkg.com/brace-expansion/-/brace-expansion-1.1.8.tgz#c07b211c7c952ec1f8efd51a77ef0d1d3990a292"
  dependencies:
    balanced-match "^1.0.0"
    concat-map "0.0.1"

bser@^2.0.0:
  version "2.0.0"
  resolved "https://registry.yarnpkg.com/bser/-/bser-2.0.0.tgz#9ac78d3ed5d915804fd87acb158bc797147a1719"
  dependencies:
    node-int64 "^0.4.0"

concat-map@0.0.1:
  version "0.0.1"
  resolved "https://registry.yarnpkg.com/concat-map/-/concat-map-0.0.1.tgz#d8a96bd77fd68df7793a73036a3ba0d5405d477b"

encoding@^0.1.11:
  version "0.1.12"
  resolved "https://registry.yarnpkg.com/encoding/-/encoding-0.1.12.tgz#538b66f3ee62cd1ab51ec323829d1f9480c74beb"
  dependencies:
    iconv-lite "~0.4.13"

esprima@^4.0.0:
  version "4.0.0"
  resolved "https://registry.yarnpkg.com/esprima/-/esprima-4.0.0.tgz#4499eddcd1110e0b218bacf2fa7f7f59f55ca804"

fb-watchman@^2.0.0:
  version "2.0.0"
  resolved "https://registry.yarnpkg.com/fb-watchman/-/fb-watchman-2.0.0.tgz#54e9abf7dfa2f26cd9b1636c588c1afc05de5d58"
  dependencies:
    bser "^2.0.0"

fs.realpath@^1.0.0:
  version "1.0.0"
  resolved "https://registry.yarnpkg.com/fs.realpath/-/fs.realpath-1.0.0.tgz#1504ad2523158caa40db4a2787cb01411994ea4f"

glob@^7.0.5:
  version "7.1.2"
  resolved "https://registry.yarnpkg.com/glob/-/glob-7.1.2.tgz#c19c9df9a028702d678612384a6552404c636d15"
  dependencies:
    fs.realpath "^1.0.0"
    inflight "^1.0.4"
    inherits "2"
    minimatch "^3.0.4"
    once "^1.3.0"
    path-is-absolute "^1.0.0"

graphql-config@~1.0.0:
  version "1.0.1"
  resolved "https://registry.yarnpkg.com/graphql-config/-/graphql-config-1.0.1.tgz#af0b24d35289ef69b559707c519ece1efe50320e"
  dependencies:
    graphql "0.7.1 - 1.0.0"
    graphql-request "^1.2.0"
    js-yaml "^3.9.0"
    minimatch "^3.0.4"
    rimraf "^2.6.1"

graphql-language-service-interface@^0.1.0-0:
  version "0.1.0-0"
  resolved "https://registry.yarnpkg.com/graphql-language-service-interface/-/graphql-language-service-interface-0.1.0-0.tgz#40f62408f499e5c947f5592dd328e3efa170c007"
  dependencies:
    graphql "^0.10.5"
    graphql-config "~1.0.0"
    graphql-language-service-parser "^0.1.0-0"
    graphql-language-service-types "^0.1.0-0"
    graphql-language-service-utils "^0.1.0-0"

graphql-language-service-parser@^0.1.0-0:
  version "0.1.0-0"
  resolved "https://registry.yarnpkg.com/graphql-language-service-parser/-/graphql-language-service-parser-0.1.0-0.tgz#250ef5867bb0ee04fd0b3334e661123f95634d6c"
  dependencies:
    graphql-language-service-types "^0.1.0-0"

graphql-language-service-types@^0.1.0-0:
  version "0.1.0-0"
  resolved "https://registry.yarnpkg.com/graphql-language-service-types/-/graphql-language-service-types-0.1.0-0.tgz#0f15cffe8216981492cd9444d2f90c552069b40e"
  dependencies:
    graphql "^0.10.5"

graphql-language-service-utils@^0.1.0-0:
  version "0.1.0-0"
  resolved "https://registry.yarnpkg.com/graphql-language-service-utils/-/graphql-language-service-utils-0.1.0-0.tgz#e6edfd2e4c3e486cfe746a2d4bde8a4f20ca06cd"
  dependencies:
    graphql "^0.10.5"
    graphql-config "~1.0.0"
    graphql-language-service-types "^0.1.0-0"

graphql-request@^1.2.0:
  version "1.3.3"
  resolved "https://registry.yarnpkg.com/graphql-request/-/graphql-request-1.3.3.tgz#8138f6b53914d8c659381fba5bd38dcca3f6b1f1"
  dependencies:
    isomorphic-fetch "^2.2.1"

"graphql@0.7.1 - 1.0.0", graphql@^0.10.5:
  version "0.10.5"
  resolved "https://registry.yarnpkg.com/graphql/-/graphql-0.10.5.tgz#c9be17ca2bdfdbd134077ffd9bbaa48b8becd298"
  dependencies:
    iterall "^1.1.0"

iconv-lite@~0.4.13:
  version "0.4.18"
  resolved "https://registry.yarnpkg.com/iconv-lite/-/iconv-lite-0.4.18.tgz#23d8656b16aae6742ac29732ea8f0336a4789cf2"

inflight@^1.0.4:
  version "1.0.6"
  resolved "https://registry.yarnpkg.com/inflight/-/inflight-1.0.6.tgz#49bd6331d7d02d0c09bc910a1075ba8165b56df9"
  dependencies:
    once "^1.3.0"
    wrappy "1"

inherits@2:
  version "2.0.3"
  resolved "https://registry.yarnpkg.com/inherits/-/inherits-2.0.3.tgz#633c2c83e3da42a502f52466022480f4208261de"

is-stream@^1.0.1:
  version "1.1.0"
  resolved "https://registry.yarnpkg.com/is-stream/-/is-stream-1.1.0.tgz#12d4a3dd4e68e0b79ceb8dbc84173ae80d91ca44"

isomorphic-fetch@^2.2.1:
  version "2.2.1"
  resolved "https://registry.yarnpkg.com/isomorphic-fetch/-/isomorphic-fetch-2.2.1.tgz#611ae1acf14f5e81f729507472819fe9733558a9"
  dependencies:
    node-fetch "^1.0.1"
    whatwg-fetch ">=0.10.0"

iterall@^1.1.0:
  version "1.1.1"
  resolved "https://registry.yarnpkg.com/iterall/-/iterall-1.1.1.tgz#f7f0af11e9a04ec6426260f5019d9fcca4d50214"

js-yaml@^3.9.0:
  version "3.9.1"
  resolved "https://registry.yarnpkg.com/js-yaml/-/js-yaml-3.9.1.tgz#08775cebdfdd359209f0d2acd383c8f86a6904a0"
  dependencies:
    argparse "^1.0.7"
    esprima "^4.0.0"

minimatch@^3.0.4:
  version "3.0.4"
  resolved "https://registry.yarnpkg.com/minimatch/-/minimatch-3.0.4.tgz#5166e286457f03306064be5497e8dbb0c3d32083"
  dependencies:
    brace-expansion "^1.1.7"

node-fetch@^1.0.1:
  version "1.7.2"
  resolved "https://registry.yarnpkg.com/node-fetch/-/node-fetch-1.7.2.tgz#c54e9aac57e432875233525f3c891c4159ffefd7"
  dependencies:
    encoding "^0.1.11"
    is-stream "^1.0.1"

node-int64@^0.4.0:
  version "0.4.0"
  resolved "https://registry.yarnpkg.com/node-int64/-/node-int64-0.4.0.tgz#87a9065cdb355d3182d8f94ce11188b825c68a3b"

nullthrows@^1.0.0:
  version "1.0.0"
  resolved "https://registry.yarnpkg.com/nullthrows/-/nullthrows-1.0.0.tgz#34715e53b9debe0750a77233fd494a5835a2d999"

once@^1.3.0:
  version "1.4.0"
  resolved "https://registry.yarnpkg.com/once/-/once-1.4.0.tgz#583b1aa775961d4b113ac17d9c50baef9dd76bd1"
  dependencies:
    wrappy "1"

path-is-absolute@^1.0.0:
  version "1.0.1"
  resolved "https://registry.yarnpkg.com/path-is-absolute/-/path-is-absolute-1.0.1.tgz#174b9268735534ffbc7ace6bf53a5a9e1b5c5f5f"

rimraf@^2.6.1:
  version "2.6.1"
  resolved "https://registry.yarnpkg.com/rimraf/-/rimraf-2.6.1.tgz#c2338ec643df7a1b7fe5c54fa86f57428a55f33d"
  dependencies:
    glob "^7.0.5"

sprintf-js@~1.0.2:
  version "1.0.3"
  resolved "https://registry.yarnpkg.com/sprintf-js/-/sprintf-js-1.0.3.tgz#04e6926f662895354f3dd015203633b857297e2c"

vscode-jsonrpc@^3.3.0:
  version "3.3.1"
  resolved "https://registry.yarnpkg.com/vscode-jsonrpc/-/vscode-jsonrpc-3.3.1.tgz#b7857be58b97af664a8cdd071c91891d6c7d6a67"

vscode-languageserver-types@^3.3.0:
  version "3.3.0"
  resolved "https://registry.yarnpkg.com/vscode-languageserver-types/-/vscode-languageserver-types-3.3.0.tgz#8964dc7c2247536fbefd2d6836bf3febac80dd00"

vscode-languageserver@^3.3.0:
  version "3.3.0"
  resolved "https://registry.yarnpkg.com/vscode-languageserver/-/vscode-languageserver-3.3.0.tgz#f547d4f0e5702f88ff3695bae5905f9604c8cc62"
  dependencies:
    vscode-jsonrpc "^3.3.0"
    vscode-languageserver-types "^3.3.0"

whatwg-fetch@>=0.10.0:
  version "2.0.3"
  resolved "https://registry.yarnpkg.com/whatwg-fetch/-/whatwg-fetch-2.0.3.tgz#9c84ec2dcf68187ff00bc64e1274b442176e1c84"

wrappy@1:
  version "1.0.2"
  resolved "https://registry.yarnpkg.com/wrappy/-/wrappy-1.0.2.tgz#b5243d8f3ec1aa35f1364605bc0d1036e30ab69f"
