# THIS IS AN AUTOGENERATED FILE. DO NOT EDIT THIS FILE DIRECTLY.
# yarn lockfile v1


bser@^2.0.0:
  version "2.0.0"
  resolved "https://registry.yarnpkg.com/bser/-/bser-2.0.0.tgz#9ac78d3ed5d915804fd87acb158bc797147a1719"
  dependencies:
    node-int64 "^0.4.0"

fb-watchman@^2.0.0:
  version "2.0.0"
  resolved "https://registry.yarnpkg.com/fb-watchman/-/fb-watchman-2.0.0.tgz#54e9abf7dfa2f26cd9b1636c588c1afc05de5d58"
  dependencies:
    bser "^2.0.0"

graphql-language-service-config@0.0.5:
  version "0.0.5"
  resolved "https://registry.yarnpkg.com/graphql-language-service-config/-/graphql-language-service-config-0.0.5.tgz#5c332fb059b4ad8010267f1c927a579cfabcec29"
  dependencies:
    graphql-language-service-types "0.0.10"

graphql-language-service-interface@0.0.5:
  version "0.0.5"
  resolved "https://registry.yarnpkg.com/graphql-language-service-interface/-/graphql-language-service-interface-0.0.5.tgz#a0044d3131bf9d5b929d35a6a4f4d14808887843"
  dependencies:
    graphql "^0.9.1"
    graphql-language-service-config "0.0.5"
    graphql-language-service-parser "0.0.4"
    graphql-language-service-types "0.0.10"
    graphql-language-service-utils "0.0.4"

graphql-language-service-parser@0.0.4:
  version "0.0.4"
  resolved "https://registry.yarnpkg.com/graphql-language-service-parser/-/graphql-language-service-parser-0.0.4.tgz#0a9f0b2b9c4dab94de59e93c2623cfc5a2621445"
  dependencies:
    graphql-language-service-types "0.0.10"

graphql-language-service-types@0.0.10:
  version "0.0.10"
  resolved "https://registry.yarnpkg.com/graphql-language-service-types/-/graphql-language-service-types-0.0.10.tgz#042563dd55f54d3734e31c04e25cd95124fe1a1a"
  dependencies:
    graphql "^0.9.1"

graphql-language-service-utils@0.0.4:
  version "0.0.4"
  resolved "https://registry.yarnpkg.com/graphql-language-service-utils/-/graphql-language-service-utils-0.0.4.tgz#31e9b4676e706d40528acca85a0cb0bdda278945"
  dependencies:
    graphql "^0.9.1"
    graphql-language-service-types "0.0.10"

graphql@^0.9.1:
  version "0.9.1"
  resolved "https://registry.yarnpkg.com/graphql/-/graphql-0.9.1.tgz#f4d154cbec054d4a5d3b1be95f23435c09aa86c8"
  dependencies:
    iterall "1.0.3"

iterall@1.0.3:
  version "1.0.3"
  resolved "https://registry.yarnpkg.com/iterall/-/iterall-1.0.3.tgz#e0b31958f835013c323ff0b10943829ac69aa4b7"

node-int64@^0.4.0:
  version "0.4.0"
  resolved "https://registry.yarnpkg.com/node-int64/-/node-int64-0.4.0.tgz#87a9065cdb355d3182d8f94ce11188b825c68a3b"

nullthrows@^1.0.0:
  version "1.0.0"
  resolved "https://registry.yarnpkg.com/nullthrows/-/nullthrows-1.0.0.tgz#34715e53b9debe0750a77233fd494a5835a2d999"

vscode-jsonrpc@^3.2.0:
  version "3.2.0"
  resolved "https://registry.yarnpkg.com/vscode-jsonrpc/-/vscode-jsonrpc-3.2.0.tgz#c92b946ac385c8b41439b842b6bd07d517b64a7d"
